
Microsoft Visual Studio Solution File, Format Version 12.00
# Visual Studio Version 16
VisualStudioVersion = 16.0.31410.357
MinimumVisualStudioVersion = 10.0.40219.1
Project("{FAE04EC0-301F-11D3-BF4B-00C04F79EFBC}") = "Portifolio_CSharp", "Portifolio_CSharp.csproj", "{258C5AA4-E9F1-4145-AA5B-A21E999C3439}"
EndProject
Global
	GlobalSection(SolutionConfigurationPlatforms) = preSolution
		Debug|Any CPU = Debug|Any CPU
		Release|Any CPU = Release|Any CPU
	EndGlobalSection
	GlobalSection(ProjectConfigurationPlatforms) = postSolution
		{258C5AA4-E9F1-4145-AA5B-A21E999C3439}.Debug|Any CPU.ActiveCfg = Debug|Any CPU
		{258C5AA4-E9F1-4145-AA5B-A21E999C3439}.Debug|Any CPU.Build.0 = Debug|Any CPU
		{258C5AA4-E9F1-4145-AA5B-A21E999C3439}.Release|Any CPU.ActiveCfg = Release|Any CPU
		{258C5AA4-E9F1-4145-AA5B-A21E999C3439}.Release|Any CPU.Build.0 = Release|Any CPU
	EndGlobalSection
	GlobalSection(SolutionProperties) = preSolution
		HideSolutionNode = FALSE
	EndGlobalSection
	GlobalSection(ExtensibilityGlobals) = postSolution
		SolutionGuid = {30CF2138-2281-4C2E-9B9C-BE5DB78F6F52}
	EndGlobalSection
EndGlobal
